
Microsoft Visual Studio Solution File, Format Version 12.00
# Visual Studio Version 16
VisualStudioVersion = 16.0.30717.126
MinimumVisualStudioVersion = 10.0.40219.1
Project("{FAE04EC0-301F-11D3-BF4B-00C04F79EFBC}") = "kintamieji20201214", "kintamieji20201214\kintamieji20201214.csproj", "{CAE4A875-F4A7-4514-9E75-0629202F3AB9}"
EndProject
Project("{FAE04EC0-301F-11D3-BF4B-00C04F79EFBC}") = "consoleIvestis", "consoleIvestis\consoleIvestis.csproj", "{C20DBA29-313C-4331-92C6-BFE65A7368F7}"
EndProject
Project("{FAE04EC0-301F-11D3-BF4B-00C04F79EFBC}") = "ConsoleIsvestis2", "ConsoleIsvestis2\ConsoleIsvestis2.csproj", "{690FA90C-BEC5-4D06-A7FD-A0C7B88350CD}"
EndProject
Project("{FAE04EC0-301F-11D3-BF4B-00C04F79EFBC}") = "20201216Aritmetika", "20201216Aritmetika\20201216Aritmetika.csproj", "{56683645-C578-42E6-812D-F68BDF80B05A}"
EndProject
Project("{FAE04EC0-301F-11D3-BF4B-00C04F79EFBC}") = "20201216IfasPirma", "20201216IfasPirma\20201216IfasPirma.csproj", "{DA8598E4-7572-49CF-BE30-501F87D7FA66}"
EndProject
Project("{FAE04EC0-301F-11D3-BF4B-00C04F79EFBC}") = "20201216LyginisSK", "20201216LyginisSK\20201216LyginisSK.csproj", "{6006B83F-ECE2-4D42-89A3-3567EEBD34D2}"
EndProject
Project("{FAE04EC0-301F-11D3-BF4B-00C04F79EFBC}") = "20201612StudentoAmziausTikrinimas", "20201612StudentoAmziausTikrinimas\20201612StudentoAmziausTikrinimas.csproj", "{FADE8388-0614-4DF3-8CAC-0D680BFA9559}"
EndProject
Project("{FAE04EC0-301F-11D3-BF4B-00C04F79EFBC}") = "20201216SkaiciavimoMasinele", "20201216SkaiciavimoMasinele\20201216SkaiciavimoMasinele.csproj", "{12452D8A-D8A4-4100-A760-0E8E50E34EE9}"
EndProject
Project("{FAE04EC0-301F-11D3-BF4B-00C04F79EFBC}") = "20201216trikampis", "20201216trikampis\20201216trikampis.csproj", "{AD7874E1-4FAA-4517-B834-D7B152C34840}"
EndProject
Project("{FAE04EC0-301F-11D3-BF4B-00C04F79EFBC}") = "20201217JungtiniaiElseIf1", "20201217JungtiniaiElseIf1\20201217JungtiniaiElseIf1.csproj", "{E45B6678-0C07-4C3B-A0FD-7EF7CAC9159F}"
EndProject
Project("{FAE04EC0-301F-11D3-BF4B-00C04F79EFBC}") = "20201217SudetingasIF", "20201217SudetingasIF\20201217SudetingasIF.csproj", "{1AE02346-A6BB-4CD3-8B39-7789122F3A55}"
EndProject
Project("{FAE04EC0-301F-11D3-BF4B-00C04F79EFBC}") = "20201217SwitchPirmas", "20201217SwitchPirmas\20201217SwitchPirmas.csproj", "{24C1307E-9B32-4EE7-B12E-9F33C3AC0252}"
EndProject
Project("{FAE04EC0-301F-11D3-BF4B-00C04F79EFBC}") = "20201217VendingMachine", "20201217VendingMachine\20201217VendingMachine.csproj", "{EE1EB0C0-F0C7-417E-9C6F-C5003CB52C2A}"
EndProject
Project("{FAE04EC0-301F-11D3-BF4B-00C04F79EFBC}") = "20201217ForCiklasPvz", "20201217ForCiklasPvz\20201217ForCiklasPvz.csproj", "{E07D362E-F495-4981-8559-0F46DD1677DA}"
EndProject
Project("{FAE04EC0-301F-11D3-BF4B-00C04F79EFBC}") = "20201217ForCiklasPirma", "20201217ForCiklasPirma\20201217ForCiklasPirma.csproj", "{1037D87D-B104-43D8-AC80-06C6E3DE6AA8}"
EndProject
Project("{FAE04EC0-301F-11D3-BF4B-00C04F79EFBC}") = "20201217SeptyniSimtasSandauga", "20201217SeptyniSimtasSandauga\20201217SeptyniSimtasSandauga.csproj", "{3D0105A0-2517-4AC1-9E5D-06BBBD664B4F}"
EndProject
Project("{FAE04EC0-301F-11D3-BF4B-00C04F79EFBC}") = "20201217PirminiaiSkaiciai", "20201217PirminiaiSkaiciai\20201217PirminiaiSkaiciai.csproj", "{0EEAB719-885D-4617-AA13-4723BAF4F7EA}"
EndProject
Project("{FAE04EC0-301F-11D3-BF4B-00C04F79EFBC}") = "20201217FibonacioSekaFor", "20201217FibonacioSekaFor\20201217FibonacioSekaFor.csproj", "{948C99C8-E897-4354-A5D5-83B1A14F8D3F}"
EndProject
Project("{FAE04EC0-301F-11D3-BF4B-00C04F79EFBC}") = "20201221Svarstykles", "20201221Svarstykles\20201221Svarstykles.csproj", "{C769073F-641D-47DE-97ED-5E9C9A709758}"
EndProject
Project("{FAE04EC0-301F-11D3-BF4B-00C04F79EFBC}") = "20201221Whilepvz", "20201221Whilepvz\20201221Whilepvz.csproj", "{B3F52F75-B909-4070-BACC-60D0425D1715}"
EndProject
Project("{FAE04EC0-301F-11D3-BF4B-00C04F79EFBC}") = "20201221WhilePirma", "20201221WhilePirma\20201221WhilePirma.csproj", "{87237392-5AD6-4F16-BABD-24D3609FC0C6}"
EndProject
Project("{FAE04EC0-301F-11D3-BF4B-00C04F79EFBC}") = "20201221Zaidimas", "20201221Zaidimas\20201221Zaidimas.csproj", "{7BAD5ECE-4814-4399-B563-27B285DA01A6}"
EndProject
Project("{FAE04EC0-301F-11D3-BF4B-00C04F79EFBC}") = "20201221Metodai1", "20201221Metodai1\20201221Metodai1.csproj", "{A5762375-5EE8-4A51-BBA5-79072C9B1393}"
EndProject
Project("{FAE04EC0-301F-11D3-BF4B-00C04F79EFBC}") = "20201221Metodai2", "20201221\20201221Metodai2.csproj", "{E32F2F1E-6A2A-46DB-BBFD-6BE50BFFFD8D}"
EndProject
Project("{FAE04EC0-301F-11D3-BF4B-00C04F79EFBC}") = "20201223SkaiciuotuvasMetodai", "20201223SkaiciuotuvasMetodai\20201223SkaiciuotuvasMetodai.csproj", "{8AD1F11A-17A6-4F59-B8DD-DCF9888107B8}"
EndProject
Project("{FAE04EC0-301F-11D3-BF4B-00C04F79EFBC}") = "20201223RefOutPvz", "20201223RefOutPvz\20201223RefOutPvz.csproj", "{7CF21753-7BA0-4D89-8280-32218F0D6346}"
EndProject
Project("{FAE04EC0-301F-11D3-BF4B-00C04F79EFBC}") = "20201223Romeniski", "20201223\20201223Romeniski.csproj", "{9EEFE491-CB63-4701-9F3E-94F78784B1F1}"
EndProject
Project("{FAE04EC0-301F-11D3-BF4B-00C04F79EFBC}") = "20201223Masyvai", "20201223Masyvai\20201223Masyvai.csproj", "{A24E69A2-90B1-4C01-9CF1-30781E0514D8}"
EndProject
Project("{FAE04EC0-301F-11D3-BF4B-00C04F79EFBC}") = "20201228Ana", "20201228Ana\20201228Ana.csproj", "{47D1F51C-E301-463A-9706-B38972FDA206}"
EndProject
Project("{FAE04EC0-301F-11D3-BF4B-00C04F79EFBC}") = "20201228MasyvaiConsoleUzpildymas", "20201228MasyvaiConsoleUzpildymas\20201228MasyvaiConsoleUzpildymas.csproj", "{FA21D1A4-DDF5-40EB-AF2B-78E086B51270}"
EndProject
Project("{FAE04EC0-301F-11D3-BF4B-00C04F79EFBC}") = "20201228CountryLeader", "20201228CountryLeader\20201228CountryLeader.csproj", "{A256B580-A520-4D16-B2D5-6DA60E678554}"
EndProject
Project("{FAE04EC0-301F-11D3-BF4B-00C04F79EFBC}") = "20201228MasyvaiTemperaturos", "20201228MasyvaiTemperaturos\20201228MasyvaiTemperaturos.csproj", "{31DD0DAE-E599-4FBF-BC38-4EA169FBD6B4}"
EndProject
Project("{FAE04EC0-301F-11D3-BF4B-00C04F79EFBC}") = "20201228FibonacioMasyvas", "20201228FibonacioMasyvas\20201228FibonacioMasyvas.csproj", "{A1733B6D-36D6-4E55-A919-8DD4CC4523AF}"
EndProject
Project("{FAE04EC0-301F-11D3-BF4B-00C04F79EFBC}") = "20201228Masyvai2D", "20201228Masyvai2D\20201228Masyvai2D.csproj", "{8418518B-E43D-46AE-AEBA-315F26090D8C}"
EndProject
Project("{FAE04EC0-301F-11D3-BF4B-00C04F79EFBC}") = "20201228Listai1", "20201228Listai1\20201228Listai1.csproj", "{43E478F4-DA31-4915-B33C-048D7CA680F1}"
EndProject
Global
	GlobalSection(SolutionConfigurationPlatforms) = preSolution
		Debug|Any CPU = Debug|Any CPU
		Release|Any CPU = Release|Any CPU
	EndGlobalSection
	GlobalSection(ProjectConfigurationPlatforms) = postSolution
		{CAE4A875-F4A7-4514-9E75-0629202F3AB9}.Debug|Any CPU.ActiveCfg = Debug|Any CPU
		{CAE4A875-F4A7-4514-9E75-0629202F3AB9}.Debug|Any CPU.Build.0 = Debug|Any CPU
		{CAE4A875-F4A7-4514-9E75-0629202F3AB9}.Release|Any CPU.ActiveCfg = Release|Any CPU
		{CAE4A875-F4A7-4514-9E75-0629202F3AB9}.Release|Any CPU.Build.0 = Release|Any CPU
		{C20DBA29-313C-4331-92C6-BFE65A7368F7}.Debug|Any CPU.ActiveCfg = Debug|Any CPU
		{C20DBA29-313C-4331-92C6-BFE65A7368F7}.Debug|Any CPU.Build.0 = Debug|Any CPU
		{C20DBA29-313C-4331-92C6-BFE65A7368F7}.Release|Any CPU.ActiveCfg = Release|Any CPU
		{C20DBA29-313C-4331-92C6-BFE65A7368F7}.Release|Any CPU.Build.0 = Release|Any CPU
		{690FA90C-BEC5-4D06-A7FD-A0C7B88350CD}.Debug|Any CPU.ActiveCfg = Debug|Any CPU
		{690FA90C-BEC5-4D06-A7FD-A0C7B88350CD}.Debug|Any CPU.Build.0 = Debug|Any CPU
		{690FA90C-BEC5-4D06-A7FD-A0C7B88350CD}.Release|Any CPU.ActiveCfg = Release|Any CPU
		{690FA90C-BEC5-4D06-A7FD-A0C7B88350CD}.Release|Any CPU.Build.0 = Release|Any CPU
		{56683645-C578-42E6-812D-F68BDF80B05A}.Debug|Any CPU.ActiveCfg = Debug|Any CPU
		{56683645-C578-42E6-812D-F68BDF80B05A}.Debug|Any CPU.Build.0 = Debug|Any CPU
		{56683645-C578-42E6-812D-F68BDF80B05A}.Release|Any CPU.ActiveCfg = Release|Any CPU
		{56683645-C578-42E6-812D-F68BDF80B05A}.Release|Any CPU.Build.0 = Release|Any CPU
		{DA8598E4-7572-49CF-BE30-501F87D7FA66}.Debug|Any CPU.ActiveCfg = Debug|Any CPU
		{DA8598E4-7572-49CF-BE30-501F87D7FA66}.Debug|Any CPU.Build.0 = Debug|Any CPU
		{DA8598E4-7572-49CF-BE30-501F87D7FA66}.Release|Any CPU.ActiveCfg = Release|Any CPU
		{DA8598E4-7572-49CF-BE30-501F87D7FA66}.Release|Any CPU.Build.0 = Release|Any CPU
		{6006B83F-ECE2-4D42-89A3-3567EEBD34D2}.Debug|Any CPU.ActiveCfg = Debug|Any CPU
		{6006B83F-ECE2-4D42-89A3-3567EEBD34D2}.Debug|Any CPU.Build.0 = Debug|Any CPU
		{6006B83F-ECE2-4D42-89A3-3567EEBD34D2}.Release|Any CPU.ActiveCfg = Release|Any CPU
		{6006B83F-ECE2-4D42-89A3-3567EEBD34D2}.Release|Any CPU.Build.0 = Release|Any CPU
		{FADE8388-0614-4DF3-8CAC-0D680BFA9559}.Debug|Any CPU.ActiveCfg = Debug|Any CPU
		{FADE8388-0614-4DF3-8CAC-0D680BFA9559}.Debug|Any CPU.Build.0 = Debug|Any CPU
		{FADE8388-0614-4DF3-8CAC-0D680BFA9559}.Release|Any CPU.ActiveCfg = Release|Any CPU
		{FADE8388-0614-4DF3-8CAC-0D680BFA9559}.Release|Any CPU.Build.0 = Release|Any CPU
		{12452D8A-D8A4-4100-A760-0E8E50E34EE9}.Debug|Any CPU.ActiveCfg = Debug|Any CPU
		{12452D8A-D8A4-4100-A760-0E8E50E34EE9}.Debug|Any CPU.Build.0 = Debug|Any CPU
		{12452D8A-D8A4-4100-A760-0E8E50E34EE9}.Release|Any CPU.ActiveCfg = Release|Any CPU
		{12452D8A-D8A4-4100-A760-0E8E50E34EE9}.Release|Any CPU.Build.0 = Release|Any CPU
		{AD7874E1-4FAA-4517-B834-D7B152C34840}.Debug|Any CPU.ActiveCfg = Debug|Any CPU
		{AD7874E1-4FAA-4517-B834-D7B152C34840}.Debug|Any CPU.Build.0 = Debug|Any CPU
		{AD7874E1-4FAA-4517-B834-D7B152C34840}.Release|Any CPU.ActiveCfg = Release|Any CPU
		{AD7874E1-4FAA-4517-B834-D7B152C34840}.Release|Any CPU.Build.0 = Release|Any CPU
		{E45B6678-0C07-4C3B-A0FD-7EF7CAC9159F}.Debug|Any CPU.ActiveCfg = Debug|Any CPU
		{E45B6678-0C07-4C3B-A0FD-7EF7CAC9159F}.Debug|Any CPU.Build.0 = Debug|Any CPU
		{E45B6678-0C07-4C3B-A0FD-7EF7CAC9159F}.Release|Any CPU.ActiveCfg = Release|Any CPU
		{E45B6678-0C07-4C3B-A0FD-7EF7CAC9159F}.Release|Any CPU.Build.0 = Release|Any CPU
		{1AE02346-A6BB-4CD3-8B39-7789122F3A55}.Debug|Any CPU.ActiveCfg = Debug|Any CPU
		{1AE02346-A6BB-4CD3-8B39-7789122F3A55}.Debug|Any CPU.Build.0 = Debug|Any CPU
		{1AE02346-A6BB-4CD3-8B39-7789122F3A55}.Release|Any CPU.ActiveCfg = Release|Any CPU
		{1AE02346-A6BB-4CD3-8B39-7789122F3A55}.Release|Any CPU.Build.0 = Release|Any CPU
		{24C1307E-9B32-4EE7-B12E-9F33C3AC0252}.Debug|Any CPU.ActiveCfg = Debug|Any CPU
		{24C1307E-9B32-4EE7-B12E-9F33C3AC0252}.Debug|Any CPU.Build.0 = Debug|Any CPU
		{24C1307E-9B32-4EE7-B12E-9F33C3AC0252}.Release|Any CPU.ActiveCfg = Release|Any CPU
		{24C1307E-9B32-4EE7-B12E-9F33C3AC0252}.Release|Any CPU.Build.0 = Release|Any CPU
		{EE1EB0C0-F0C7-417E-9C6F-C5003CB52C2A}.Debug|Any CPU.ActiveCfg = Debug|Any CPU
		{EE1EB0C0-F0C7-417E-9C6F-C5003CB52C2A}.Debug|Any CPU.Build.0 = Debug|Any CPU
		{EE1EB0C0-F0C7-417E-9C6F-C5003CB52C2A}.Release|Any CPU.ActiveCfg = Release|Any CPU
		{EE1EB0C0-F0C7-417E-9C6F-C5003CB52C2A}.Release|Any CPU.Build.0 = Release|Any CPU
		{E07D362E-F495-4981-8559-0F46DD1677DA}.Debug|Any CPU.ActiveCfg = Debug|Any CPU
		{E07D362E-F495-4981-8559-0F46DD1677DA}.Debug|Any CPU.Build.0 = Debug|Any CPU
		{E07D362E-F495-4981-8559-0F46DD1677DA}.Release|Any CPU.ActiveCfg = Release|Any CPU
		{E07D362E-F495-4981-8559-0F46DD1677DA}.Release|Any CPU.Build.0 = Release|Any CPU
		{1037D87D-B104-43D8-AC80-06C6E3DE6AA8}.Debug|Any CPU.ActiveCfg = Debug|Any CPU
		{1037D87D-B104-43D8-AC80-06C6E3DE6AA8}.Debug|Any CPU.Build.0 = Debug|Any CPU
		{1037D87D-B104-43D8-AC80-06C6E3DE6AA8}.Release|Any CPU.ActiveCfg = Release|Any CPU
		{1037D87D-B104-43D8-AC80-06C6E3DE6AA8}.Release|Any CPU.Build.0 = Release|Any CPU
		{3D0105A0-2517-4AC1-9E5D-06BBBD664B4F}.Debug|Any CPU.ActiveCfg = Debug|Any CPU
		{3D0105A0-2517-4AC1-9E5D-06BBBD664B4F}.Debug|Any CPU.Build.0 = Debug|Any CPU
		{3D0105A0-2517-4AC1-9E5D-06BBBD664B4F}.Release|Any CPU.ActiveCfg = Release|Any CPU
		{3D0105A0-2517-4AC1-9E5D-06BBBD664B4F}.Release|Any CPU.Build.0 = Release|Any CPU
		{0EEAB719-885D-4617-AA13-4723BAF4F7EA}.Debug|Any CPU.ActiveCfg = Debug|Any CPU
		{0EEAB719-885D-4617-AA13-4723BAF4F7EA}.Debug|Any CPU.Build.0 = Debug|Any CPU
		{0EEAB719-885D-4617-AA13-4723BAF4F7EA}.Release|Any CPU.ActiveCfg = Release|Any CPU
		{0EEAB719-885D-4617-AA13-4723BAF4F7EA}.Release|Any CPU.Build.0 = Release|Any CPU
		{948C99C8-E897-4354-A5D5-83B1A14F8D3F}.Debug|Any CPU.ActiveCfg = Debug|Any CPU
		{948C99C8-E897-4354-A5D5-83B1A14F8D3F}.Debug|Any CPU.Build.0 = Debug|Any CPU
		{948C99C8-E897-4354-A5D5-83B1A14F8D3F}.Release|Any CPU.ActiveCfg = Release|Any CPU
		{948C99C8-E897-4354-A5D5-83B1A14F8D3F}.Release|Any CPU.Build.0 = Release|Any CPU
		{C769073F-641D-47DE-97ED-5E9C9A709758}.Debug|Any CPU.ActiveCfg = Debug|Any CPU
		{C769073F-641D-47DE-97ED-5E9C9A709758}.Debug|Any CPU.Build.0 = Debug|Any CPU
		{C769073F-641D-47DE-97ED-5E9C9A709758}.Release|Any CPU.ActiveCfg = Release|Any CPU
		{C769073F-641D-47DE-97ED-5E9C9A709758}.Release|Any CPU.Build.0 = Release|Any CPU
		{B3F52F75-B909-4070-BACC-60D0425D1715}.Debug|Any CPU.ActiveCfg = Debug|Any CPU
		{B3F52F75-B909-4070-BACC-60D0425D1715}.Debug|Any CPU.Build.0 = Debug|Any CPU
		{B3F52F75-B909-4070-BACC-60D0425D1715}.Release|Any CPU.ActiveCfg = Release|Any CPU
		{B3F52F75-B909-4070-BACC-60D0425D1715}.Release|Any CPU.Build.0 = Release|Any CPU
		{87237392-5AD6-4F16-BABD-24D3609FC0C6}.Debug|Any CPU.ActiveCfg = Debug|Any CPU
		{87237392-5AD6-4F16-BABD-24D3609FC0C6}.Debug|Any CPU.Build.0 = Debug|Any CPU
		{87237392-5AD6-4F16-BABD-24D3609FC0C6}.Release|Any CPU.ActiveCfg = Release|Any CPU
		{87237392-5AD6-4F16-BABD-24D3609FC0C6}.Release|Any CPU.Build.0 = Release|Any CPU
		{7BAD5ECE-4814-4399-B563-27B285DA01A6}.Debug|Any CPU.ActiveCfg = Debug|Any CPU
		{7BAD5ECE-4814-4399-B563-27B285DA01A6}.Debug|Any CPU.Build.0 = Debug|Any CPU
		{7BAD5ECE-4814-4399-B563-27B285DA01A6}.Release|Any CPU.ActiveCfg = Release|Any CPU
		{7BAD5ECE-4814-4399-B563-27B285DA01A6}.Release|Any CPU.Build.0 = Release|Any CPU
		{A5762375-5EE8-4A51-BBA5-79072C9B1393}.Debug|Any CPU.ActiveCfg = Debug|Any CPU
		{A5762375-5EE8-4A51-BBA5-79072C9B1393}.Debug|Any CPU.Build.0 = Debug|Any CPU
		{A5762375-5EE8-4A51-BBA5-79072C9B1393}.Release|Any CPU.ActiveCfg = Release|Any CPU
		{A5762375-5EE8-4A51-BBA5-79072C9B1393}.Release|Any CPU.Build.0 = Release|Any CPU
		{E32F2F1E-6A2A-46DB-BBFD-6BE50BFFFD8D}.Debug|Any CPU.ActiveCfg = Debug|Any CPU
		{E32F2F1E-6A2A-46DB-BBFD-6BE50BFFFD8D}.Debug|Any CPU.Build.0 = Debug|Any CPU
		{E32F2F1E-6A2A-46DB-BBFD-6BE50BFFFD8D}.Release|Any CPU.ActiveCfg = Release|Any CPU
		{E32F2F1E-6A2A-46DB-BBFD-6BE50BFFFD8D}.Release|Any CPU.Build.0 = Release|Any CPU
		{8AD1F11A-17A6-4F59-B8DD-DCF9888107B8}.Debug|Any CPU.ActiveCfg = Debug|Any CPU
		{8AD1F11A-17A6-4F59-B8DD-DCF9888107B8}.Debug|Any CPU.Build.0 = Debug|Any CPU
		{8AD1F11A-17A6-4F59-B8DD-DCF9888107B8}.Release|Any CPU.ActiveCfg = Release|Any CPU
		{8AD1F11A-17A6-4F59-B8DD-DCF9888107B8}.Release|Any CPU.Build.0 = Release|Any CPU
		{7CF21753-7BA0-4D89-8280-32218F0D6346}.Debug|Any CPU.ActiveCfg = Debug|Any CPU
		{7CF21753-7BA0-4D89-8280-32218F0D6346}.Debug|Any CPU.Build.0 = Debug|Any CPU
		{7CF21753-7BA0-4D89-8280-32218F0D6346}.Release|Any CPU.ActiveCfg = Release|Any CPU
		{7CF21753-7BA0-4D89-8280-32218F0D6346}.Release|Any CPU.Build.0 = Release|Any CPU
		{9EEFE491-CB63-4701-9F3E-94F78784B1F1}.Debug|Any CPU.ActiveCfg = Debug|Any CPU
		{9EEFE491-CB63-4701-9F3E-94F78784B1F1}.Debug|Any CPU.Build.0 = Debug|Any CPU
		{9EEFE491-CB63-4701-9F3E-94F78784B1F1}.Release|Any CPU.ActiveCfg = Release|Any CPU
		{9EEFE491-CB63-4701-9F3E-94F78784B1F1}.Release|Any CPU.Build.0 = Release|Any CPU
		{A24E69A2-90B1-4C01-9CF1-30781E0514D8}.Debug|Any CPU.ActiveCfg = Debug|Any CPU
		{A24E69A2-90B1-4C01-9CF1-30781E0514D8}.Debug|Any CPU.Build.0 = Debug|Any CPU
		{A24E69A2-90B1-4C01-9CF1-30781E0514D8}.Release|Any CPU.ActiveCfg = Release|Any CPU
		{A24E69A2-90B1-4C01-9CF1-30781E0514D8}.Release|Any CPU.Build.0 = Release|Any CPU
		{47D1F51C-E301-463A-9706-B38972FDA206}.Debug|Any CPU.ActiveCfg = Debug|Any CPU
		{47D1F51C-E301-463A-9706-B38972FDA206}.Debug|Any CPU.Build.0 = Debug|Any CPU
		{47D1F51C-E301-463A-9706-B38972FDA206}.Release|Any CPU.ActiveCfg = Release|Any CPU
		{47D1F51C-E301-463A-9706-B38972FDA206}.Release|Any CPU.Build.0 = Release|Any CPU
		{FA21D1A4-DDF5-40EB-AF2B-78E086B51270}.Debug|Any CPU.ActiveCfg = Debug|Any CPU
		{FA21D1A4-DDF5-40EB-AF2B-78E086B51270}.Debug|Any CPU.Build.0 = Debug|Any CPU
		{FA21D1A4-DDF5-40EB-AF2B-78E086B51270}.Release|Any CPU.ActiveCfg = Release|Any CPU
		{FA21D1A4-DDF5-40EB-AF2B-78E086B51270}.Release|Any CPU.Build.0 = Release|Any CPU
		{A256B580-A520-4D16-B2D5-6DA60E678554}.Debug|Any CPU.ActiveCfg = Debug|Any CPU
		{A256B580-A520-4D16-B2D5-6DA60E678554}.Debug|Any CPU.Build.0 = Debug|Any CPU
		{A256B580-A520-4D16-B2D5-6DA60E678554}.Release|Any CPU.ActiveCfg = Release|Any CPU
		{A256B580-A520-4D16-B2D5-6DA60E678554}.Release|Any CPU.Build.0 = Release|Any CPU
		{31DD0DAE-E599-4FBF-BC38-4EA169FBD6B4}.Debug|Any CPU.ActiveCfg = Debug|Any CPU
		{31DD0DAE-E599-4FBF-BC38-4EA169FBD6B4}.Debug|Any CPU.Build.0 = Debug|Any CPU
		{31DD0DAE-E599-4FBF-BC38-4EA169FBD6B4}.Release|Any CPU.ActiveCfg = Release|Any CPU
		{31DD0DAE-E599-4FBF-BC38-4EA169FBD6B4}.Release|Any CPU.Build.0 = Release|Any CPU
		{A1733B6D-36D6-4E55-A919-8DD4CC4523AF}.Debug|Any CPU.ActiveCfg = Debug|Any CPU
		{A1733B6D-36D6-4E55-A919-8DD4CC4523AF}.Debug|Any CPU.Build.0 = Debug|Any CPU
		{A1733B6D-36D6-4E55-A919-8DD4CC4523AF}.Release|Any CPU.ActiveCfg = Release|Any CPU
		{A1733B6D-36D6-4E55-A919-8DD4CC4523AF}.Release|Any CPU.Build.0 = Release|Any CPU
		{8418518B-E43D-46AE-AEBA-315F26090D8C}.Debug|Any CPU.ActiveCfg = Debug|Any CPU
		{8418518B-E43D-46AE-AEBA-315F26090D8C}.Debug|Any CPU.Build.0 = Debug|Any CPU
		{8418518B-E43D-46AE-AEBA-315F26090D8C}.Release|Any CPU.ActiveCfg = Release|Any CPU
		{8418518B-E43D-46AE-AEBA-315F26090D8C}.Release|Any CPU.Build.0 = Release|Any CPU
		{43E478F4-DA31-4915-B33C-048D7CA680F1}.Debug|Any CPU.ActiveCfg = Debug|Any CPU
		{43E478F4-DA31-4915-B33C-048D7CA680F1}.Debug|Any CPU.Build.0 = Debug|Any CPU
		{43E478F4-DA31-4915-B33C-048D7CA680F1}.Release|Any CPU.ActiveCfg = Release|Any CPU
		{43E478F4-DA31-4915-B33C-048D7CA680F1}.Release|Any CPU.Build.0 = Release|Any CPU
	EndGlobalSection
	GlobalSection(SolutionProperties) = preSolution
		HideSolutionNode = FALSE
	EndGlobalSection
	GlobalSection(ExtensibilityGlobals) = postSolution
		SolutionGuid = {8F0DB736-1D93-4B45-8556-B86572EBA9D0}
	EndGlobalSection
EndGlobal
